
Microsoft Visual Studio Solution File, Format Version 12.00
# Visual Studio Version 17
VisualStudioVersion = 17.1.32421.90
MinimumVisualStudioVersion = 10.0.40219.1
Project("{9A19103F-16F7-4668-BE54-9A1E7A4F7556}") = "AdditionAppModel", "AdditionModel\AdditionAppModel.csproj", "{1F7C8ADA-F5CC-4C38-BB16-29CEB22FADA2}"
EndProject
Project("{9A19103F-16F7-4668-BE54-9A1E7A4F7556}") = "AdditionApp.service", "AdditionApp.service\AdditionApp.service.csproj", "{BC6DDBAD-EE7C-46ED-858D-1BAE03466A3A}"
EndProject
Project("{FAE04EC0-301F-11D3-BF4B-00C04F79EFBC}") = "AdditionApp.API", "AdditionApp.API\AdditionApp.API.csproj", "{A93923D1-11FD-4936-8ED6-DBD8360AEBF7}"
EndProject
Global
	GlobalSection(SolutionConfigurationPlatforms) = preSolution
		Debug|Any CPU = Debug|Any CPU
		Release|Any CPU = Release|Any CPU
	EndGlobalSection
	GlobalSection(ProjectConfigurationPlatforms) = postSolution
		{1F7C8ADA-F5CC-4C38-BB16-29CEB22FADA2}.Debug|Any CPU.ActiveCfg = Debug|Any CPU
		{1F7C8ADA-F5CC-4C38-BB16-29CEB22FADA2}.Debug|Any CPU.Build.0 = Debug|Any CPU
		{1F7C8ADA-F5CC-4C38-BB16-29CEB22FADA2}.Release|Any CPU.ActiveCfg = Release|Any CPU
		{1F7C8ADA-F5CC-4C38-BB16-29CEB22FADA2}.Release|Any CPU.Build.0 = Release|Any CPU
		{BC6DDBAD-EE7C-46ED-858D-1BAE03466A3A}.Debug|Any CPU.ActiveCfg = Debug|Any CPU
		{BC6DDBAD-EE7C-46ED-858D-1BAE03466A3A}.Debug|Any CPU.Build.0 = Debug|Any CPU
		{BC6DDBAD-EE7C-46ED-858D-1BAE03466A3A}.Release|Any CPU.ActiveCfg = Release|Any CPU
		{BC6DDBAD-EE7C-46ED-858D-1BAE03466A3A}.Release|Any CPU.Build.0 = Release|Any CPU
		{A93923D1-11FD-4936-8ED6-DBD8360AEBF7}.Debug|Any CPU.ActiveCfg = Debug|Any CPU
		{A93923D1-11FD-4936-8ED6-DBD8360AEBF7}.Debug|Any CPU.Build.0 = Debug|Any CPU
		{A93923D1-11FD-4936-8ED6-DBD8360AEBF7}.Release|Any CPU.ActiveCfg = Release|Any CPU
		{A93923D1-11FD-4936-8ED6-DBD8360AEBF7}.Release|Any CPU.Build.0 = Release|Any CPU
	EndGlobalSection
	GlobalSection(SolutionProperties) = preSolution
		HideSolutionNode = FALSE
	EndGlobalSection
	GlobalSection(ExtensibilityGlobals) = postSolution
		SolutionGuid = {F38A1263-97F5-4603-A0A2-E557CCCADFB0}
	EndGlobalSection
EndGlobal
